
Microsoft Visual Studio Solution File, Format Version 12.00
# Visual Studio Version 16
VisualStudioVersion = 16.0.32510.428
MinimumVisualStudioVersion = 10.0.40219.1
Project("{FAE04EC0-301F-11D3-BF4B-00C04F79EFBC}") = "Lama_Store", "Lama_Store\Lama_Store.csproj", "{2B8BD3E3-00EC-4B02-AAB3-4A95B467B1A3}"
EndProject
Global
	GlobalSection(SolutionConfigurationPlatforms) = preSolution
		Debug|Any CPU = Debug|Any CPU
		Release|Any CPU = Release|Any CPU
	EndGlobalSection
	GlobalSection(ProjectConfigurationPlatforms) = postSolution
		{2B8BD3E3-00EC-4B02-AAB3-4A95B467B1A3}.Debug|Any CPU.ActiveCfg = Debug|Any CPU
		{2B8BD3E3-00EC-4B02-AAB3-4A95B467B1A3}.Debug|Any CPU.Build.0 = Debug|Any CPU
		{2B8BD3E3-00EC-4B02-AAB3-4A95B467B1A3}.Release|Any CPU.ActiveCfg = Release|Any CPU
		{2B8BD3E3-00EC-4B02-AAB3-4A95B467B1A3}.Release|Any CPU.Build.0 = Release|Any CPU
	EndGlobalSection
	GlobalSection(SolutionProperties) = preSolution
		HideSolutionNode = FALSE
	EndGlobalSection
	GlobalSection(ExtensibilityGlobals) = postSolution
		SolutionGuid = {ED77B23F-99B4-431F-8C75-69965022A162}
	EndGlobalSection
EndGlobal
